
Microsoft Visual Studio Solution File, Format Version 12.00
# Visual Studio Version 16
VisualStudioVersion = 16.0.32413.511
MinimumVisualStudioVersion = 10.0.40219.1
Project("{9A19103F-16F7-4668-BE54-9A1E7A4F7556}") = "Desafio02", "Desafio02\Desafio02.csproj", "{14484E3D-B6F8-44AA-8B7F-C7E96606DBC8}"
EndProject
Project("{9A19103F-16F7-4668-BE54-9A1E7A4F7556}") = "Desafio01", "Desafio01\Desafio01.csproj", "{3C53E750-39FE-4FD3-BEF6-3C0DE028F743}"
EndProject
Project("{9A19103F-16F7-4668-BE54-9A1E7A4F7556}") = "Desafio03", "Desafio03\Desafio03.csproj", "{2AC89B74-D321-4D71-91D9-7D07B9F553BB}"
EndProject
Project("{9A19103F-16F7-4668-BE54-9A1E7A4F7556}") = "Desafio04", "Desafio04\Desafio04.csproj", "{803A8115-0883-4964-A84E-72E3E8F36C3A}"
EndProject
Project("{9A19103F-16F7-4668-BE54-9A1E7A4F7556}") = "Desafio05", "Desafio05\Desafio05.csproj", "{D4BC0B8E-C982-4ADB-947E-2019AEB64EB0}"
EndProject
Project("{9A19103F-16F7-4668-BE54-9A1E7A4F7556}") = "Desafio06", "Desafio06\Desafio06.csproj", "{4776CB58-A50A-474C-BB7C-88DED99424D9}"
EndProject
Project("{FAE04EC0-301F-11D3-BF4B-00C04F79EFBC}") = "Exercício01", "Exercício01\Exercício01.csproj", "{8B2E8761-5B0D-4B3A-B169-C409C1A451A7}"
EndProject
Global
	GlobalSection(SolutionConfigurationPlatforms) = preSolution
		Debug|Any CPU = Debug|Any CPU
		Release|Any CPU = Release|Any CPU
	EndGlobalSection
	GlobalSection(ProjectConfigurationPlatforms) = postSolution
		{14484E3D-B6F8-44AA-8B7F-C7E96606DBC8}.Debug|Any CPU.ActiveCfg = Debug|Any CPU
		{14484E3D-B6F8-44AA-8B7F-C7E96606DBC8}.Debug|Any CPU.Build.0 = Debug|Any CPU
		{14484E3D-B6F8-44AA-8B7F-C7E96606DBC8}.Release|Any CPU.ActiveCfg = Release|Any CPU
		{14484E3D-B6F8-44AA-8B7F-C7E96606DBC8}.Release|Any CPU.Build.0 = Release|Any CPU
		{3C53E750-39FE-4FD3-BEF6-3C0DE028F743}.Debug|Any CPU.ActiveCfg = Debug|Any CPU
		{3C53E750-39FE-4FD3-BEF6-3C0DE028F743}.Debug|Any CPU.Build.0 = Debug|Any CPU
		{3C53E750-39FE-4FD3-BEF6-3C0DE028F743}.Release|Any CPU.ActiveCfg = Release|Any CPU
		{3C53E750-39FE-4FD3-BEF6-3C0DE028F743}.Release|Any CPU.Build.0 = Release|Any CPU
		{2AC89B74-D321-4D71-91D9-7D07B9F553BB}.Debug|Any CPU.ActiveCfg = Debug|Any CPU
		{2AC89B74-D321-4D71-91D9-7D07B9F553BB}.Debug|Any CPU.Build.0 = Debug|Any CPU
		{2AC89B74-D321-4D71-91D9-7D07B9F553BB}.Release|Any CPU.ActiveCfg = Release|Any CPU
		{2AC89B74-D321-4D71-91D9-7D07B9F553BB}.Release|Any CPU.Build.0 = Release|Any CPU
		{803A8115-0883-4964-A84E-72E3E8F36C3A}.Debug|Any CPU.ActiveCfg = Debug|Any CPU
		{803A8115-0883-4964-A84E-72E3E8F36C3A}.Debug|Any CPU.Build.0 = Debug|Any CPU
		{803A8115-0883-4964-A84E-72E3E8F36C3A}.Release|Any CPU.ActiveCfg = Release|Any CPU
		{803A8115-0883-4964-A84E-72E3E8F36C3A}.Release|Any CPU.Build.0 = Release|Any CPU
		{D4BC0B8E-C982-4ADB-947E-2019AEB64EB0}.Debug|Any CPU.ActiveCfg = Debug|Any CPU
		{D4BC0B8E-C982-4ADB-947E-2019AEB64EB0}.Debug|Any CPU.Build.0 = Debug|Any CPU
		{D4BC0B8E-C982-4ADB-947E-2019AEB64EB0}.Release|Any CPU.ActiveCfg = Release|Any CPU
		{D4BC0B8E-C982-4ADB-947E-2019AEB64EB0}.Release|Any CPU.Build.0 = Release|Any CPU
		{4776CB58-A50A-474C-BB7C-88DED99424D9}.Debug|Any CPU.ActiveCfg = Debug|Any CPU
		{4776CB58-A50A-474C-BB7C-88DED99424D9}.Debug|Any CPU.Build.0 = Debug|Any CPU
		{4776CB58-A50A-474C-BB7C-88DED99424D9}.Release|Any CPU.ActiveCfg = Release|Any CPU
		{4776CB58-A50A-474C-BB7C-88DED99424D9}.Release|Any CPU.Build.0 = Release|Any CPU
		{8B2E8761-5B0D-4B3A-B169-C409C1A451A7}.Debug|Any CPU.ActiveCfg = Debug|Any CPU
		{8B2E8761-5B0D-4B3A-B169-C409C1A451A7}.Debug|Any CPU.Build.0 = Debug|Any CPU
		{8B2E8761-5B0D-4B3A-B169-C409C1A451A7}.Release|Any CPU.ActiveCfg = Release|Any CPU
		{8B2E8761-5B0D-4B3A-B169-C409C1A451A7}.Release|Any CPU.Build.0 = Release|Any CPU
	EndGlobalSection
	GlobalSection(SolutionProperties) = preSolution
		HideSolutionNode = FALSE
	EndGlobalSection
	GlobalSection(ExtensibilityGlobals) = postSolution
		SolutionGuid = {FD9A5780-B92E-4EEA-95AE-CA870D34B16B}
	EndGlobalSection
EndGlobal
